{
  "name": "nhsd.assets.stu3_1.6.0",
  "version": "1.0.0",
  "lockfileVersion": 1,
  "requires": true,
  "dependencies": {
    "NHSD.Assets.STU3": {
      "version": "1.6.0",
      "resolved": "https://packages.simplifier.net//NHSD.Assets.STU3/-/NHSD.Assets.STU3-1.6.0.tgz",
      "integrity": "sha512-9Wy3/KkB0hxFmWZq/SXZKUgwp3IgNnk1kot7vLXSqaNrb792xOizuikR0uBsXp12hDib00a0WO32k6dNh31pqw=="
    }
  }
}
